
Microsoft Visual Studio Solution File, Format Version 12.00
# Visual Studio Version 16
VisualStudioVersion = 16.0.29230.47
MinimumVisualStudioVersion = 10.0.40219.1
Project("{FAE04EC0-301F-11D3-BF4B-00C04F79EFBC}") = "myBlackjack", "myBlackjack\myBlackjack.csproj", "{2F7BD3AA-C229-4C48-B5E7-2B0C18C6A9B8}"
EndProject
Global
	GlobalSection(SolutionConfigurationPlatforms) = preSolution
		Debug|Any CPU = Debug|Any CPU
		Release|Any CPU = Release|Any CPU
	EndGlobalSection
	GlobalSection(ProjectConfigurationPlatforms) = postSolution
		{2F7BD3AA-C229-4C48-B5E7-2B0C18C6A9B8}.Debug|Any CPU.ActiveCfg = Debug|Any CPU
		{2F7BD3AA-C229-4C48-B5E7-2B0C18C6A9B8}.Debug|Any CPU.Build.0 = Debug|Any CPU
		{2F7BD3AA-C229-4C48-B5E7-2B0C18C6A9B8}.Release|Any CPU.ActiveCfg = Release|Any CPU
		{2F7BD3AA-C229-4C48-B5E7-2B0C18C6A9B8}.Release|Any CPU.Build.0 = Release|Any CPU
	EndGlobalSection
	GlobalSection(SolutionProperties) = preSolution
		HideSolutionNode = FALSE
	EndGlobalSection
	GlobalSection(ExtensibilityGlobals) = postSolution
		SolutionGuid = {A5D19DFB-40E5-4AF3-8378-3E9D4FC53D3E}
	EndGlobalSection
EndGlobal
